<?xml version="1.0" encoding="UTF-8" standalone="yes" ?>
<CodeBlocks_project_file>
	<FileVersion major="1" minor="6" />
	<Project>
		<Option title="malom" />
		<Option pch_mode="2" />
		<Option compiler="gcc" />
		<Build>
			<Target title="Debug">
				<Option output="bin/Debug/malom" prefix_auto="1" extension_auto="1" />
				<Option object_output="bin/Debug/" />
				<Option type="1" />
				<Option compiler="gcc" />
				<Compiler>
					<Add option="-g" />
				</Compiler>
			</Target>
			<Target title="Release">
				<Option output="bin/Release/malom" prefix_auto="1" extension_auto="1" />
				<Option object_output="bin/Release/" />
				<Option type="1" />
				<Option compiler="gcc" />
				<Compiler>
					<Add option="-O2" />
				</Compiler>
				<Linker>
					<Add option="-s" />
				</Linker>
			</Target>
		</Build>
		<Compiler>
			<Add option="-Wall" />
			<Add option="-fexceptions" />
		</Compiler>
		<Unit filename="jatekos.cpp" />
		<Unit filename="jatekos.h" />
		<Unit filename="malom_teszt.cpp" />
		<Unit filename="memtrace.cpp" />
		<Unit filename="memtrace.h" />
		<Unit filename="mester.cpp" />
		<Unit filename="mester.h" />
		<Unit filename="mystring.cpp" />
		<Unit filename="mystring.h" />
		<Unit filename="tabla.cpp" />
		<Unit filename="tabla.h" />
		<Extensions>
			<code_completion />
			<envvars />
			<debugger />
		</Extensions>
	</Project>
</CodeBlocks_project_file>
